
Microsoft Visual Studio Solution File, Format Version 12.00
# Visual Studio 15
VisualStudioVersion = 15.0.27806.0
MinimumVisualStudioVersion = 10.0.40219.1
Project("{8BC9CEB8-8B4A-11D0-8D11-00A0C91BC942}") = "parsetypes", "parsetypes\parsetypes.vcxproj", "{761C4C10-F8E8-47F5-982B-E577D416A23C}"
EndProject
Project("{8BC9CEB8-8B4A-11D0-8D11-00A0C91BC942}") = "util", "ffcore\core\util\util.vcxproj", "{8877EF09-1CDD-4E67-95BA-58E3B251B7D8}"
EndProject
Project("{8BC9CEB8-8B4A-11D0-8D11-00A0C91BC942}") = "util.zlib", "ffcore\core\zlib\zlib.vcxproj", "{968D9F08-835D-4844-A809-51A3EFB915AC}"
EndProject
Project("{8BC9CEB8-8B4A-11D0-8D11-00A0C91BC942}") = "util.dxtex", "ffcore\core\dxtex\dxtex.vcxproj", "{FB3FBBCF-8CF9-4C53-8BAA-D451F3F79B42}"
EndProject
Project("{8BC9CEB8-8B4A-11D0-8D11-00A0C91BC942}") = "respack", "ffcore\core\respack\respack.vcxproj", "{C6EA1ACF-A999-4E45-8D30-643588E9A34D}"
EndProject
Global
	GlobalSection(SolutionConfigurationPlatforms) = preSolution
		Debug|x64 = Debug|x64
		Debug|x86 = Debug|x86
		Release|x64 = Release|x64
		Release|x86 = Release|x86
	EndGlobalSection
	GlobalSection(ProjectConfigurationPlatforms) = postSolution
		{8877EF09-1CDD-4E67-95BA-58E3B251B7D8}.Debug|x64.ActiveCfg = Debug|x64
		{8877EF09-1CDD-4E67-95BA-58E3B251B7D8}.Debug|x64.Build.0 = Debug|x64
		{8877EF09-1CDD-4E67-95BA-58E3B251B7D8}.Debug|x86.ActiveCfg = Debug|Win32
		{8877EF09-1CDD-4E67-95BA-58E3B251B7D8}.Debug|x86.Build.0 = Debug|Win32
		{8877EF09-1CDD-4E67-95BA-58E3B251B7D8}.Release|x64.ActiveCfg = Release|x64
		{8877EF09-1CDD-4E67-95BA-58E3B251B7D8}.Release|x64.Build.0 = Release|x64
		{8877EF09-1CDD-4E67-95BA-58E3B251B7D8}.Release|x86.ActiveCfg = Release|Win32
		{8877EF09-1CDD-4E67-95BA-58E3B251B7D8}.Release|x86.Build.0 = Release|Win32
		{968D9F08-835D-4844-A809-51A3EFB915AC}.Debug|x64.ActiveCfg = Debug|x64
		{968D9F08-835D-4844-A809-51A3EFB915AC}.Debug|x64.Build.0 = Debug|x64
		{968D9F08-835D-4844-A809-51A3EFB915AC}.Debug|x86.ActiveCfg = Debug|Win32
		{968D9F08-835D-4844-A809-51A3EFB915AC}.Debug|x86.Build.0 = Debug|Win32
		{968D9F08-835D-4844-A809-51A3EFB915AC}.Release|x64.ActiveCfg = Release|x64
		{968D9F08-835D-4844-A809-51A3EFB915AC}.Release|x64.Build.0 = Release|x64
		{968D9F08-835D-4844-A809-51A3EFB915AC}.Release|x86.ActiveCfg = Release|Win32
		{968D9F08-835D-4844-A809-51A3EFB915AC}.Release|x86.Build.0 = Release|Win32
		{FB3FBBCF-8CF9-4C53-8BAA-D451F3F79B42}.Debug|x64.ActiveCfg = Debug|x64
		{FB3FBBCF-8CF9-4C53-8BAA-D451F3F79B42}.Debug|x64.Build.0 = Debug|x64
		{FB3FBBCF-8CF9-4C53-8BAA-D451F3F79B42}.Debug|x86.ActiveCfg = Debug|Win32
		{FB3FBBCF-8CF9-4C53-8BAA-D451F3F79B42}.Debug|x86.Build.0 = Debug|Win32
		{FB3FBBCF-8CF9-4C53-8BAA-D451F3F79B42}.Release|x64.ActiveCfg = Release|x64
		{FB3FBBCF-8CF9-4C53-8BAA-D451F3F79B42}.Release|x64.Build.0 = Release|x64
		{FB3FBBCF-8CF9-4C53-8BAA-D451F3F79B42}.Release|x86.ActiveCfg = Release|Win32
		{FB3FBBCF-8CF9-4C53-8BAA-D451F3F79B42}.Release|x86.Build.0 = Release|Win32
		{761C4C10-F8E8-47F5-982B-E577D416A23C}.Debug|x64.ActiveCfg = Debug|x64
		{761C4C10-F8E8-47F5-982B-E577D416A23C}.Debug|x64.Build.0 = Debug|x64
		{761C4C10-F8E8-47F5-982B-E577D416A23C}.Debug|x86.ActiveCfg = Debug|Win32
		{761C4C10-F8E8-47F5-982B-E577D416A23C}.Debug|x86.Build.0 = Debug|Win32
		{761C4C10-F8E8-47F5-982B-E577D416A23C}.Release|x64.ActiveCfg = Release|x64
		{761C4C10-F8E8-47F5-982B-E577D416A23C}.Release|x64.Build.0 = Release|x64
		{761C4C10-F8E8-47F5-982B-E577D416A23C}.Release|x86.ActiveCfg = Release|Win32
		{761C4C10-F8E8-47F5-982B-E577D416A23C}.Release|x86.Build.0 = Release|Win32
		{C6EA1ACF-A999-4E45-8D30-643588E9A34D}.Debug|x64.ActiveCfg = Debug|x64
		{C6EA1ACF-A999-4E45-8D30-643588E9A34D}.Debug|x64.Build.0 = Debug|x64
		{C6EA1ACF-A999-4E45-8D30-643588E9A34D}.Debug|x86.ActiveCfg = Debug|Win32
		{C6EA1ACF-A999-4E45-8D30-643588E9A34D}.Debug|x86.Build.0 = Debug|Win32
		{C6EA1ACF-A999-4E45-8D30-643588E9A34D}.Release|x64.ActiveCfg = Release|x64
		{C6EA1ACF-A999-4E45-8D30-643588E9A34D}.Release|x64.Build.0 = Release|x64
		{C6EA1ACF-A999-4E45-8D30-643588E9A34D}.Release|x86.ActiveCfg = Release|Win32
		{C6EA1ACF-A999-4E45-8D30-643588E9A34D}.Release|x86.Build.0 = Release|Win32
	EndGlobalSection
	GlobalSection(SolutionProperties) = preSolution
		HideSolutionNode = FALSE
	EndGlobalSection
	GlobalSection(ExtensibilityGlobals) = postSolution
		SolutionGuid = {A2C974B8-06F4-4611-BF8E-D31156C1E424}
	EndGlobalSection
EndGlobal
